
Microsoft Visual Studio Solution File, Format Version 11.00
# Visual Studio 2010
Project("{FAE04EC0-301F-11D3-BF4B-00C04F79EFBC}") = "Tests", "Tests\Tests.csproj", "{904F7B93-2E55-4F11-AAE4-6D1812D4C77D}"
EndProject
Project("{FAE04EC0-301F-11D3-BF4B-00C04F79EFBC}") = "NuSelfUpdate", "NuSelfUpdate\NuSelfUpdate.csproj", "{596C932F-A0C2-46AE-BD99-5B88A0A03EAF}"
EndProject
Global
	GlobalSection(SolutionConfigurationPlatforms) = preSolution
		Debug|Any CPU = Debug|Any CPU
		Release|Any CPU = Release|Any CPU
	EndGlobalSection
	GlobalSection(ProjectConfigurationPlatforms) = postSolution
		{904F7B93-2E55-4F11-AAE4-6D1812D4C77D}.Debug|Any CPU.ActiveCfg = Debug|Any CPU
		{904F7B93-2E55-4F11-AAE4-6D1812D4C77D}.Debug|Any CPU.Build.0 = Debug|Any CPU
		{904F7B93-2E55-4F11-AAE4-6D1812D4C77D}.Release|Any CPU.ActiveCfg = Release|Any CPU
		{904F7B93-2E55-4F11-AAE4-6D1812D4C77D}.Release|Any CPU.Build.0 = Release|Any CPU
		{596C932F-A0C2-46AE-BD99-5B88A0A03EAF}.Debug|Any CPU.ActiveCfg = Debug|Any CPU
		{596C932F-A0C2-46AE-BD99-5B88A0A03EAF}.Debug|Any CPU.Build.0 = Debug|Any CPU
		{596C932F-A0C2-46AE-BD99-5B88A0A03EAF}.Release|Any CPU.ActiveCfg = Release|Any CPU
		{596C932F-A0C2-46AE-BD99-5B88A0A03EAF}.Release|Any CPU.Build.0 = Release|Any CPU
	EndGlobalSection
	GlobalSection(SolutionProperties) = preSolution
		HideSolutionNode = FALSE
	EndGlobalSection
EndGlobal
